<?xml version="1.0" encoding="utf-8"?>
<Project ToolsVersion="4.0" xmlns="http://schemas.microsoft.com/developer/msbuild/2003">
  <ItemGroup>
    <ClCompile Include="main.cpp" />
    <ClCompile Include="SceneTitle.cpp">
      <Filter>Scene</Filter>
    </ClCompile>
    <ClCompile Include="ScenePlay.cpp">
      <Filter>Scene</Filter>
    </ClCompile>
    <ClCompile Include="SceneResult.cpp">
      <Filter>Scene</Filter>
    </ClCompile>
    <ClCompile Include="Player.cpp">
      <Filter>Play</Filter>
    </ClCompile>
    <ClCompile Include="Board.cpp">
      <Filter>Play</Filter>
    </ClCompile>
    <ClCompile Include="BlockBlue.cpp">
      <Filter>Play\Block</Filter>
    </ClCompile>
    <ClCompile Include="BlockGreen.cpp">
      <Filter>Play\Block</Filter>
    </ClCompile>
    <ClCompile Include="BlockRed.cpp">
      <Filter>Play\Block</Filter>
    </ClCompile>
    <ClCompile Include="BlockYellow.cpp">
      <Filter>Play\Block</Filter>
    </ClCompile>
    <ClCompile Include="Scene.cpp">
      <Filter>Scene</Filter>
    </ClCompile>
    <ClCompile Include="BlockAir.cpp">
      <Filter>Play\Block</Filter>
    </ClCompile>
    <ClCompile Include="Camera.cpp" />
    <ClCompile Include="BlockLevel.cpp">
      <Filter>Play\Block</Filter>
    </ClCompile>
    <ClCompile Include="BlockSolid.cpp">
      <Filter>Play\Block</Filter>
    </ClCompile>
    <ClCompile Include="Block.cpp">
      <Filter>Play\Block</Filter>
    </ClCompile>
    <ClCompile Include="Map.cpp">
      <Filter>Play\Map</Filter>
    </ClCompile>
    <ClCompile Include="Map0.cpp">
      <Filter>Play\Map</Filter>
    </ClCompile>
    <ClCompile Include="Map1.cpp">
      <Filter>Play\Map</Filter>
    </ClCompile>
    <ClCompile Include="Map2.cpp">
      <Filter>Play\Map</Filter>
    </ClCompile>
    <ClCompile Include="BlockFire.cpp">
      <Filter>Play\Block</Filter>
    </ClCompile>
    <ClCompile Include="Map.cpp" />
    <ClCompile Include="Map0.cpp" />
    <ClCompile Include="Map1.cpp" />
    <ClCompile Include="Map2.cpp" />
    <ClCompile Include="Player.cpp" />
    <ClCompile Include="Scene.cpp" />
    <ClCompile Include="ScenePlay.cpp" />
    <ClCompile Include="SceneResult.cpp" />
    <ClCompile Include="SceneTitle.cpp" />
    <ClCompile Include="Block.cpp">
      <Filter>Play\Block</Filter>
    </ClCompile>
    <ClCompile Include="BlockAir.cpp">
      <Filter>Play\Block</Filter>
    </ClCompile>
    <ClCompile Include="BlockBlue.cpp">
      <Filter>Play\Block</Filter>
    </ClCompile>
    <ClCompile Include="BlockGreen.cpp">
      <Filter>Play\Block</Filter>
    </ClCompile>
    <ClCompile Include="BlockIron.cpp">
      <Filter>Play\Block</Filter>
    </ClCompile>
    <ClCompile Include="BlockLevel.cpp">
      <Filter>Play\Block</Filter>
    </ClCompile>
    <ClCompile Include="BlockRed.cpp">
      <Filter>Play\Block</Filter>
    </ClCompile>
    <ClCompile Include="BlockSolid.cpp">
      <Filter>Play\Block</Filter>
    </ClCompile>
    <ClCompile Include="BlockYellow.cpp">
      <Filter>Play\Block</Filter>
    </ClCompile>
    <ClCompile Include="Map4.cpp">
      <Filter>Play\Map</Filter>
    </ClCompile>
    <ClCompile Include="Map3.cpp">
      <Filter>Play\Map</Filter>
    </ClCompile>
    <ClCompile Include="Board.cpp">
      <Filter>Play</Filter>
    </ClCompile>
    <ClCompile Include="Camera.cpp">
      <Filter>Play</Filter>
    </ClCompile>
    <ClCompile Include="SceneModeSelect.cpp">
      <Filter>Scene</Filter>
    </ClCompile>
    <ClCompile Include="FpsController.cpp">
      <Filter>Other</Filter>
    </ClCompile>
    <ClCompile Include="Keyboard.cpp">
      <Filter>Other</Filter>
    </ClCompile>
    <ClCompile Include="Game.cpp">
      <Filter>Other</Filter>
    </ClCompile>
    <ClCompile Include="BlockBalloon.cpp">
      <Filter>Play\Block</Filter>
    </ClCompile>
    <ClCompile Include="Sound.cpp">
      <Filter>Other</Filter>
    </ClCompile>
    <ClCompile Include="Graph.cpp">
      <Filter>Other</Filter>
    </ClCompile>
  </ItemGroup>
  <ItemGroup>
    <ClInclude Include="Map.h">
      <Filter>Play\Map</Filter>
    </ClInclude>
    <ClInclude Include="Map0.h">
      <Filter>Play\Map</Filter>
    </ClInclude>
    <ClInclude Include="Map1.h">
      <Filter>Play\Map</Filter>
    </ClInclude>
    <ClInclude Include="Map2.h">
      <Filter>Play\Map</Filter>
    </ClInclude>
    <ClInclude Include="BlockFire.h">
      <Filter>Play\Block</Filter>
    </ClInclude>
    <ClInclude Include="Block.h">
      <Filter>Play\Block</Filter>
    </ClInclude>
    <ClInclude Include="BlockAir.h">
      <Filter>Play\Block</Filter>
    </ClInclude>
    <ClInclude Include="BlockBlue.h">
      <Filter>Play\Block</Filter>
    </ClInclude>
    <ClInclude Include="BlockGreen.h">
      <Filter>Play\Block</Filter>
    </ClInclude>
    <ClInclude Include="BlockIDList.h">
      <Filter>Play\Block</Filter>
    </ClInclude>
    <ClInclude Include="BlockIron.h">
      <Filter>Play\Block</Filter>
    </ClInclude>
    <ClInclude Include="BlockLevel.h">
      <Filter>Play\Block</Filter>
    </ClInclude>
    <ClInclude Include="BlockRed.h">
      <Filter>Play\Block</Filter>
    </ClInclude>
    <ClInclude Include="BlockSolid.h">
      <Filter>Play\Block</Filter>
    </ClInclude>
    <ClInclude Include="BlockYellow.h">
      <Filter>Play\Block</Filter>
    </ClInclude>
    <ClInclude Include="Map4.h">
      <Filter>Play\Map</Filter>
    </ClInclude>
    <ClInclude Include="Map3.h">
      <Filter>Play\Map</Filter>
    </ClInclude>
    <ClInclude Include="Board.h">
      <Filter>Play</Filter>
    </ClInclude>
    <ClInclude Include="Camera.h">
      <Filter>Play</Filter>
    </ClInclude>
    <ClInclude Include="Player.h">
      <Filter>Play</Filter>
    </ClInclude>
    <ClInclude Include="SceneTitle.h">
      <Filter>Scene</Filter>
    </ClInclude>
    <ClInclude Include="SceneResult.h">
      <Filter>Scene</Filter>
    </ClInclude>
    <ClInclude Include="ScenePlay.h">
      <Filter>Scene</Filter>
    </ClInclude>
    <ClInclude Include="SceneModeSelect.h">
      <Filter>Scene</Filter>
    </ClInclude>
    <ClInclude Include="Scene.h">
      <Filter>Scene</Filter>
    </ClInclude>
    <ClInclude Include="FpsController.h">
      <Filter>Other</Filter>
    </ClInclude>
    <ClInclude Include="Keyboard.h">
      <Filter>Other</Filter>
    </ClInclude>
    <ClInclude Include="Game.h">
      <Filter>Other</Filter>
    </ClInclude>
    <ClInclude Include="define.h">
      <Filter>Other</Filter>
    </ClInclude>
    <ClInclude Include="BlockBalloon.h">
      <Filter>Play\Block</Filter>
    </ClInclude>
    <ClInclude Include="Sound.h">
      <Filter>Other</Filter>
    </ClInclude>
    <ClInclude Include="Graph.h">
      <Filter>Other</Filter>
    </ClInclude>
  </ItemGroup>
  <ItemGroup>
    <Filter Include="Scene">
      <UniqueIdentifier>{6dcf611f-c931-410f-b153-6e729696e448}</UniqueIdentifier>
    </Filter>
    <Filter Include="Play">
      <UniqueIdentifier>{93a5020b-d8ab-4b78-ad3f-530c9ac67459}</UniqueIdentifier>
    </Filter>
    <Filter Include="Play\Block">
      <UniqueIdentifier>{972e8f78-92e6-4c63-91c0-001ee5005eba}</UniqueIdentifier>
    </Filter>
    <Filter Include="Play\Map">
      <UniqueIdentifier>{fd63666e-91ce-4223-beb2-639139bf889d}</UniqueIdentifier>
    </Filter>
    <ClInclude Include="Map.h" />
    <ClInclude Include="Map0.h" />
    <ClInclude Include="Map1.h" />
    <ClInclude Include="Map2.h" />
    <Filter Include="Other">
      <UniqueIdentifier>{8c11a115-497a-42f8-9b48-a37203683b24}</UniqueIdentifier>
    </Filter>
  </ItemGroup>
</Project>